PODS:
  - boost (1.76.0)
  - CocoaAsyncSocket (7.6.5)
  - CryptoSwift (1.5.1)
  - DifferenceKit (1.3.0):
    - DifferenceKit/Core (= 1.3.0)
    - DifferenceKit/UIKitExtension (= 1.3.0)
  - DifferenceKit/Core (1.3.0)
  - DifferenceKit/UIKitExtension (1.3.0):
    - DifferenceKit/Core
  - DoubleConversion (1.1.6)
  - FBLazyVector (0.71.10)
  - FBReactNativeSpec (0.71.10):
    - RCT-Folly (= 2021.07.22.00)
    - RCTRequired (= 0.71.10)
    - RCTTypeSafety (= 0.71.10)
    - React-Core (= 0.71.10)
    - React-jsi (= 0.71.10)
    - ReactCommon/turbomodule/core (= 0.71.10)
  - Flipper (0.125.0):
    - Flipper-Folly (~> 2.6)
    - Flipper-RSocket (~> 1.4)
  - Flipper-Boost-iOSX (1.76.0.1.11)
  - Flipper-DoubleConversion (3.2.0.1)
  - Flipper-Fmt (7.1.7)
  - Flipper-Folly (2.6.10):
    - Flipper-Boost-iOSX
    - Flipper-DoubleConversion
    - Flipper-Fmt (= 7.1.7)
    - Flipper-Glog
    - libevent (~> 2.1.12)
    - OpenSSL-Universal (= 1.1.1100)
  - Flipper-Glog (0.5.0.5)
  - Flipper-PeerTalk (0.0.4)
  - Flipper-RSocket (1.4.3):
    - Flipper-Folly (~> 2.6)
  - FlipperKit (0.125.0):
    - FlipperKit/Core (= 0.125.0)
  - FlipperKit/Core (0.125.0):
    - Flipper (~> 0.125.0)
    - FlipperKit/CppBridge
    - FlipperKit/FBCxxFollyDynamicConvert
    - FlipperKit/FBDefines
    - FlipperKit/FKPortForwarding
    - SocketRocket (~> 0.6.0)
  - FlipperKit/CppBridge (0.125.0):
    - Flipper (~> 0.125.0)
  - FlipperKit/FBCxxFollyDynamicConvert (0.125.0):
    - Flipper-Folly (~> 2.6)
  - FlipperKit/FBDefines (0.125.0)
  - FlipperKit/FKPortForwarding (0.125.0):
    - CocoaAsyncSocket (~> 7.6)
    - Flipper-PeerTalk (~> 0.0.4)
  - FlipperKit/FlipperKitHighlightOverlay (0.125.0)
  - FlipperKit/FlipperKitLayoutHelpers (0.125.0):
    - FlipperKit/Core
    - FlipperKit/FlipperKitHighlightOverlay
    - FlipperKit/FlipperKitLayoutTextSearchable
  - FlipperKit/FlipperKitLayoutIOSDescriptors (0.125.0):
    - FlipperKit/Core
    - FlipperKit/FlipperKitHighlightOverlay
    - FlipperKit/FlipperKitLayoutHelpers
    - YogaKit (~> 1.18)
  - FlipperKit/FlipperKitLayoutPlugin (0.125.0):
    - FlipperKit/Core
    - FlipperKit/FlipperKitHighlightOverlay
    - FlipperKit/FlipperKitLayoutHelpers
    - FlipperKit/FlipperKitLayoutIOSDescriptors
    - FlipperKit/FlipperKitLayoutTextSearchable
    - YogaKit (~> 1.18)
  - FlipperKit/FlipperKitLayoutTextSearchable (0.125.0)
  - FlipperKit/FlipperKitNetworkPlugin (0.125.0):
    - FlipperKit/Core
  - FlipperKit/FlipperKitReactPlugin (0.125.0):
    - FlipperKit/Core
  - FlipperKit/FlipperKitUserDefaultsPlugin (0.125.0):
    - FlipperKit/Core
  - FlipperKit/SKIOSNetworkPlugin (0.125.0):
    - FlipperKit/Core
    - FlipperKit/FlipperKitNetworkPlugin
  - fmt (6.2.1)
  - Fuzi (3.1.3)
  - GCDWebServer (3.7.5):
    - GCDWebServer/Core (= 3.7.5)
  - GCDWebServer/Core (3.7.5)
  - glog (0.3.5)
  - libevent (2.1.12)
  - Minizip (1.0.0)
  - OpenSSL-Universal (1.1.1100)
  - R2Navigator (2.6.0):
    - DifferenceKit (~> 1.0)
    - R2Shared
    - ReadiumInternal
    - SwiftSoup (<= 2.5.3)
  - R2Shared (2.6.0):
    - Fuzi (~> 3.0)
    - Minizip (~> 1.0)
    - ReadiumInternal
    - SwiftSoup (<= 2.5.3)
  - R2Streamer (2.6.0):
    - CryptoSwift (<= 1.5.1)
    - Fuzi (~> 3.0)
    - GCDWebServer (~> 3.0)
    - Minizip (~> 1.0)
    - R2Shared
    - ReadiumInternal
  - RCT-Folly (2021.07.22.00):
    - boost
    - DoubleConversion
    - fmt (~> 6.2.1)
    - glog
    - RCT-Folly/Default (= 2021.07.22.00)
  - RCT-Folly/Default (2021.07.22.00):
    - boost
    - DoubleConversion
    - fmt (~> 6.2.1)
    - glog
  - RCTRequired (0.71.10)
  - RCTTypeSafety (0.71.10):
    - FBLazyVector (= 0.71.10)
    - RCTRequired (= 0.71.10)
    - React-Core (= 0.71.10)
  - React (0.71.10):
    - React-Core (= 0.71.10)
    - React-Core/DevSupport (= 0.71.10)
    - React-Core/RCTWebSocket (= 0.71.10)
    - React-RCTActionSheet (= 0.71.10)
    - React-RCTAnimation (= 0.71.10)
    - React-RCTBlob (= 0.71.10)
    - React-RCTImage (= 0.71.10)
    - React-RCTLinking (= 0.71.10)
    - React-RCTNetwork (= 0.71.10)
    - React-RCTSettings (= 0.71.10)
    - React-RCTText (= 0.71.10)
    - React-RCTVibration (= 0.71.10)
  - React-callinvoker (0.71.10)
  - React-Codegen (0.71.10):
    - FBReactNativeSpec
    - RCT-Folly
    - RCTRequired
    - RCTTypeSafety
    - React-Core
    - React-jsc
    - React-jsi
    - React-jsiexecutor
    - ReactCommon/turbomodule/bridging
    - ReactCommon/turbomodule/core
  - React-Core (0.71.10):
    - glog
    - RCT-Folly (= 2021.07.22.00)
    - React-Core/Default (= 0.71.10)
    - React-cxxreact (= 0.71.10)
    - React-jsc
    - React-jsi (= 0.71.10)
    - React-jsiexecutor (= 0.71.10)
    - React-perflogger (= 0.71.10)
    - Yoga
  - React-Core/CoreModulesHeaders (0.71.10):
    - glog
    - RCT-Folly (= 2021.07.22.00)
    - React-Core/Default
    - React-cxxreact (= 0.71.10)
    - React-jsc
    - React-jsi (= 0.71.10)
    - React-jsiexecutor (= 0.71.10)
    - React-perflogger (= 0.71.10)
    - Yoga
  - React-Core/Default (0.71.10):
    - glog
    - RCT-Folly (= 2021.07.22.00)
    - React-cxxreact (= 0.71.10)
    - React-jsc
    - React-jsi (= 0.71.10)
    - React-jsiexecutor (= 0.71.10)
    - React-perflogger (= 0.71.10)
    - Yoga
  - React-Core/DevSupport (0.71.10):
    - glog
    - RCT-Folly (= 2021.07.22.00)
    - React-Core/Default (= 0.71.10)
    - React-Core/RCTWebSocket (= 0.71.10)
    - React-cxxreact (= 0.71.10)
    - React-jsc
    - React-jsi (= 0.71.10)
    - React-jsiexecutor (= 0.71.10)
    - React-jsinspector (= 0.71.10)
    - React-perflogger (= 0.71.10)
    - Yoga
  - React-Core/RCTActionSheetHeaders (0.71.10):
    - glog
    - RCT-Folly (= 2021.07.22.00)
    - React-Core/Default
    - React-cxxreact (= 0.71.10)
    - React-jsc
    - React-jsi (= 0.71.10)
    - React-jsiexecutor (= 0.71.10)
    - React-perflogger (= 0.71.10)
    - Yoga
  - React-Core/RCTAnimationHeaders (0.71.10):
    - glog
    - RCT-Folly (= 2021.07.22.00)
    - React-Core/Default
    - React-cxxreact (= 0.71.10)
    - React-jsc
    - React-jsi (= 0.71.10)
    - React-jsiexecutor (= 0.71.10)
    - React-perflogger (= 0.71.10)
    - Yoga
  - React-Core/RCTBlobHeaders (0.71.10):
    - glog
    - RCT-Folly (= 2021.07.22.00)
    - React-Core/Default
    - React-cxxreact (= 0.71.10)
    - React-jsc
    - React-jsi (= 0.71.10)
    - React-jsiexecutor (= 0.71.10)
    - React-perflogger (= 0.71.10)
    - Yoga
  - React-Core/RCTImageHeaders (0.71.10):
    - glog
    - RCT-Folly (= 2021.07.22.00)
    - React-Core/Default
    - React-cxxreact (= 0.71.10)
    - React-jsc
    - React-jsi (= 0.71.10)
    - React-jsiexecutor (= 0.71.10)
    - React-perflogger (= 0.71.10)
    - Yoga
  - React-Core/RCTLinkingHeaders (0.71.10):
    - glog
    - RCT-Folly (= 2021.07.22.00)
    - React-Core/Default
    - React-cxxreact (= 0.71.10)
    - React-jsc
    - React-jsi (= 0.71.10)
    - React-jsiexecutor (= 0.71.10)
    - React-perflogger (= 0.71.10)
    - Yoga
  - React-Core/RCTNetworkHeaders (0.71.10):
    - glog
    - RCT-Folly (= 2021.07.22.00)
    - React-Core/Default
    - React-cxxreact (= 0.71.10)
    - React-jsc
    - React-jsi (= 0.71.10)
    - React-jsiexecutor (= 0.71.10)
    - React-perflogger (= 0.71.10)
    - Yoga
  - React-Core/RCTSettingsHeaders (0.71.10):
    - glog
    - RCT-Folly (= 2021.07.22.00)
    - React-Core/Default
    - React-cxxreact (= 0.71.10)
    - React-jsc
    - React-jsi (= 0.71.10)
    - React-jsiexecutor (= 0.71.10)
    - React-perflogger (= 0.71.10)
    - Yoga
  - React-Core/RCTTextHeaders (0.71.10):
    - glog
    - RCT-Folly (= 2021.07.22.00)
    - React-Core/Default
    - React-cxxreact (= 0.71.10)
    - React-jsc
    - React-jsi (= 0.71.10)
    - React-jsiexecutor (= 0.71.10)
    - React-perflogger (= 0.71.10)
    - Yoga
  - React-Core/RCTVibrationHeaders (0.71.10):
    - glog
    - RCT-Folly (= 2021.07.22.00)
    - React-Core/Default
    - React-cxxreact (= 0.71.10)
    - React-jsc
    - React-jsi (= 0.71.10)
    - React-jsiexecutor (= 0.71.10)
    - React-perflogger (= 0.71.10)
    - Yoga
  - React-Core/RCTWebSocket (0.71.10):
    - glog
    - RCT-Folly (= 2021.07.22.00)
    - React-Core/Default (= 0.71.10)
    - React-cxxreact (= 0.71.10)
    - React-jsc
    - React-jsi (= 0.71.10)
    - React-jsiexecutor (= 0.71.10)
    - React-perflogger (= 0.71.10)
    - Yoga
  - React-CoreModules (0.71.10):
    - RCT-Folly (= 2021.07.22.00)
    - RCTTypeSafety (= 0.71.10)
    - React-Codegen (= 0.71.10)
    - React-Core/CoreModulesHeaders (= 0.71.10)
    - React-jsi (= 0.71.10)
    - React-RCTBlob
    - React-RCTImage (= 0.71.10)
    - ReactCommon/turbomodule/core (= 0.71.10)
  - React-cxxreact (0.71.10):
    - boost (= 1.76.0)
    - DoubleConversion
    - glog
    - RCT-Folly (= 2021.07.22.00)
    - React-callinvoker (= 0.71.10)
    - React-jsi (= 0.71.10)
    - React-jsinspector (= 0.71.10)
    - React-logger (= 0.71.10)
    - React-perflogger (= 0.71.10)
    - React-runtimeexecutor (= 0.71.10)
  - React-jsc (0.71.10):
    - React-jsc/Fabric (= 0.71.10)
    - React-jsi (= 0.71.10)
  - React-jsc/Fabric (0.71.10):
    - React-jsi (= 0.71.10)
  - React-jsi (0.71.10):
    - boost (= 1.76.0)
    - DoubleConversion
    - glog
    - RCT-Folly (= 2021.07.22.00)
  - React-jsiexecutor (0.71.10):
    - DoubleConversion
    - glog
    - RCT-Folly (= 2021.07.22.00)
    - React-cxxreact (= 0.71.10)
    - React-jsi (= 0.71.10)
    - React-perflogger (= 0.71.10)
  - React-jsinspector (0.71.10)
  - React-logger (0.71.10):
    - glog
  - react-native-readium (1.2.1):
    - R2Navigator
    - R2Shared
    - R2Streamer
    - React-Core
  - react-native-safe-area-context (4.5.3):
    - RCT-Folly
    - RCTRequired
    - RCTTypeSafety
    - React-Core
    - ReactCommon/turbomodule/core
  - react-native-slider (4.2.1):
    - React-Core
  - React-perflogger (0.71.10)
  - React-RCTActionSheet (0.71.10):
    - React-Core/RCTActionSheetHeaders (= 0.71.10)
  - React-RCTAnimation (0.71.10):
    - RCT-Folly (= 2021.07.22.00)
    - RCTTypeSafety (= 0.71.10)
    - React-Codegen (= 0.71.10)
    - React-Core/RCTAnimationHeaders (= 0.71.10)
    - React-jsi (= 0.71.10)
    - ReactCommon/turbomodule/core (= 0.71.10)
  - React-RCTAppDelegate (0.71.10):
    - RCT-Folly
    - RCTRequired
    - RCTTypeSafety
    - React-Core
    - ReactCommon/turbomodule/core
  - React-RCTBlob (0.71.10):
    - RCT-Folly (= 2021.07.22.00)
    - React-Codegen (= 0.71.10)
    - React-Core/RCTBlobHeaders (= 0.71.10)
    - React-Core/RCTWebSocket (= 0.71.10)
    - React-jsi (= 0.71.10)
    - React-RCTNetwork (= 0.71.10)
    - ReactCommon/turbomodule/core (= 0.71.10)
  - React-RCTImage (0.71.10):
    - RCT-Folly (= 2021.07.22.00)
    - RCTTypeSafety (= 0.71.10)
    - React-Codegen (= 0.71.10)
    - React-Core/RCTImageHeaders (= 0.71.10)
    - React-jsi (= 0.71.10)
    - React-RCTNetwork (= 0.71.10)
    - ReactCommon/turbomodule/core (= 0.71.10)
  - React-RCTLinking (0.71.10):
    - React-Codegen (= 0.71.10)
    - React-Core/RCTLinkingHeaders (= 0.71.10)
    - React-jsi (= 0.71.10)
    - ReactCommon/turbomodule/core (= 0.71.10)
  - React-RCTNetwork (0.71.10):
    - RCT-Folly (= 2021.07.22.00)
    - RCTTypeSafety (= 0.71.10)
    - React-Codegen (= 0.71.10)
    - React-Core/RCTNetworkHeaders (= 0.71.10)
    - React-jsi (= 0.71.10)
    - ReactCommon/turbomodule/core (= 0.71.10)
  - React-RCTSettings (0.71.10):
    - RCT-Folly (= 2021.07.22.00)
    - RCTTypeSafety (= 0.71.10)
    - React-Codegen (= 0.71.10)
    - React-Core/RCTSettingsHeaders (= 0.71.10)
    - React-jsi (= 0.71.10)
    - ReactCommon/turbomodule/core (= 0.71.10)
  - React-RCTText (0.71.10):
    - React-Core/RCTTextHeaders (= 0.71.10)
  - React-RCTVibration (0.71.10):
    - RCT-Folly (= 2021.07.22.00)
    - React-Codegen (= 0.71.10)
    - React-Core/RCTVibrationHeaders (= 0.71.10)
    - React-jsi (= 0.71.10)
    - ReactCommon/turbomodule/core (= 0.71.10)
  - React-runtimeexecutor (0.71.10):
    - React-jsi (= 0.71.10)
  - ReactCommon/turbomodule/bridging (0.71.10):
    - DoubleConversion
    - glog
    - RCT-Folly (= 2021.07.22.00)
    - React-callinvoker (= 0.71.10)
    - React-Core (= 0.71.10)
    - React-cxxreact (= 0.71.10)
    - React-jsi (= 0.71.10)
    - React-logger (= 0.71.10)
    - React-perflogger (= 0.71.10)
  - ReactCommon/turbomodule/core (0.71.10):
    - DoubleConversion
    - glog
    - RCT-Folly (= 2021.07.22.00)
    - React-callinvoker (= 0.71.10)
    - React-Core (= 0.71.10)
    - React-cxxreact (= 0.71.10)
    - React-jsi (= 0.71.10)
    - React-logger (= 0.71.10)
    - React-perflogger (= 0.71.10)
  - ReadiumInternal (2.6.0)
  - RNFS (2.19.0):
    - React-Core
  - RNScreens (3.20.0):
    - React-Core
    - React-RCTImage
  - RNVectorIcons (9.1.0):
    - React-Core
  - SocketRocket (0.6.0)
  - SwiftSoup (2.5.3)
  - Yoga (1.14.0)
  - YogaKit (1.18.1):
    - Yoga (~> 1.14)

DEPENDENCIES:
  - boost (from `../node_modules/react-native/third-party-podspecs/boost.podspec`)
  - DoubleConversion (from `../node_modules/react-native/third-party-podspecs/DoubleConversion.podspec`)
  - FBLazyVector (from `../node_modules/react-native/Libraries/FBLazyVector`)
  - FBReactNativeSpec (from `../node_modules/react-native/React/FBReactNativeSpec`)
  - Flipper (= 0.125.0)
  - Flipper-Boost-iOSX (= 1.76.0.1.11)
  - Flipper-DoubleConversion (= 3.2.0.1)
  - Flipper-Fmt (= 7.1.7)
  - Flipper-Folly (= 2.6.10)
  - Flipper-Glog (= 0.5.0.5)
  - Flipper-PeerTalk (= 0.0.4)
  - Flipper-RSocket (= 1.4.3)
  - FlipperKit (= 0.125.0)
  - FlipperKit/Core (= 0.125.0)
  - FlipperKit/CppBridge (= 0.125.0)
  - FlipperKit/FBCxxFollyDynamicConvert (= 0.125.0)
  - FlipperKit/FBDefines (= 0.125.0)
  - FlipperKit/FKPortForwarding (= 0.125.0)
  - FlipperKit/FlipperKitHighlightOverlay (= 0.125.0)
  - FlipperKit/FlipperKitLayoutPlugin (= 0.125.0)
  - FlipperKit/FlipperKitLayoutTextSearchable (= 0.125.0)
  - FlipperKit/FlipperKitNetworkPlugin (= 0.125.0)
  - FlipperKit/FlipperKitReactPlugin (= 0.125.0)
  - FlipperKit/FlipperKitUserDefaultsPlugin (= 0.125.0)
  - FlipperKit/SKIOSNetworkPlugin (= 0.125.0)
  - GCDWebServer (from `https://raw.githubusercontent.com/readium/GCDWebServer/3.7.5/GCDWebServer.podspec`)
  - glog (from `../node_modules/react-native/third-party-podspecs/glog.podspec`)
  - Minizip
  - OpenSSL-Universal (= 1.1.1100)
  - R2Navigator (from `https://raw.githubusercontent.com/readium/swift-toolkit/2.6.0/Support/CocoaPods/ReadiumNavigator.podspec`)
  - R2Shared (from `https://raw.githubusercontent.com/readium/swift-toolkit/2.6.0/Support/CocoaPods/ReadiumShared.podspec`)
  - R2Streamer (from `https://raw.githubusercontent.com/readium/swift-toolkit/2.6.0/Support/CocoaPods/ReadiumStreamer.podspec`)
  - RCT-Folly (from `../node_modules/react-native/third-party-podspecs/RCT-Folly.podspec`)
  - RCTRequired (from `../node_modules/react-native/Libraries/RCTRequired`)
  - RCTTypeSafety (from `../node_modules/react-native/Libraries/TypeSafety`)
  - React (from `../node_modules/react-native/`)
  - React-callinvoker (from `../node_modules/react-native/ReactCommon/callinvoker`)
  - React-Codegen (from `build/generated/ios`)
  - React-Core (from `../node_modules/react-native/`)
  - React-Core/DevSupport (from `../node_modules/react-native/`)
  - React-Core/RCTWebSocket (from `../node_modules/react-native/`)
  - React-CoreModules (from `../node_modules/react-native/React/CoreModules`)
  - React-cxxreact (from `../node_modules/react-native/ReactCommon/cxxreact`)
  - React-jsc (from `../node_modules/react-native/ReactCommon/jsc`)
  - React-jsi (from `../node_modules/react-native/ReactCommon/jsi`)
  - React-jsiexecutor (from `../node_modules/react-native/ReactCommon/jsiexecutor`)
  - React-jsinspector (from `../node_modules/react-native/ReactCommon/jsinspector`)
  - React-logger (from `../node_modules/react-native/ReactCommon/logger`)
  - react-native-readium (from `../..`)
  - react-native-safe-area-context (from `../node_modules/react-native-safe-area-context`)
  - "react-native-slider (from `../node_modules/@react-native-community/slider`)"
  - React-perflogger (from `../node_modules/react-native/ReactCommon/reactperflogger`)
  - React-RCTActionSheet (from `../node_modules/react-native/Libraries/ActionSheetIOS`)
  - React-RCTAnimation (from `../node_modules/react-native/Libraries/NativeAnimation`)
  - React-RCTAppDelegate (from `../node_modules/react-native/Libraries/AppDelegate`)
  - React-RCTBlob (from `../node_modules/react-native/Libraries/Blob`)
  - React-RCTImage (from `../node_modules/react-native/Libraries/Image`)
  - React-RCTLinking (from `../node_modules/react-native/Libraries/LinkingIOS`)
  - React-RCTNetwork (from `../node_modules/react-native/Libraries/Network`)
  - React-RCTSettings (from `../node_modules/react-native/Libraries/Settings`)
  - React-RCTText (from `../node_modules/react-native/Libraries/Text`)
  - React-RCTVibration (from `../node_modules/react-native/Libraries/Vibration`)
  - React-runtimeexecutor (from `../node_modules/react-native/ReactCommon/runtimeexecutor`)
  - ReactCommon/turbomodule/core (from `../node_modules/react-native/ReactCommon`)
  - ReadiumInternal (from `https://raw.githubusercontent.com/readium/swift-toolkit/2.6.0/Support/CocoaPods/ReadiumInternal.podspec`)
  - RNFS (from `../node_modules/react-native-fs`)
  - RNScreens (from `../node_modules/react-native-screens`)
  - RNVectorIcons (from `../node_modules/react-native-vector-icons`)
  - Yoga (from `../node_modules/react-native/ReactCommon/yoga`)

SPEC REPOS:
  trunk:
    - CocoaAsyncSocket
    - CryptoSwift
    - DifferenceKit
    - Flipper
    - Flipper-Boost-iOSX
    - Flipper-DoubleConversion
    - Flipper-Fmt
    - Flipper-Folly
    - Flipper-Glog
    - Flipper-PeerTalk
    - Flipper-RSocket
    - FlipperKit
    - fmt
    - Fuzi
    - libevent
    - Minizip
    - OpenSSL-Universal
    - SocketRocket
    - SwiftSoup
    - YogaKit

EXTERNAL SOURCES:
  boost:
    :podspec: "../node_modules/react-native/third-party-podspecs/boost.podspec"
  DoubleConversion:
    :podspec: "../node_modules/react-native/third-party-podspecs/DoubleConversion.podspec"
  FBLazyVector:
    :path: "../node_modules/react-native/Libraries/FBLazyVector"
  FBReactNativeSpec:
    :path: "../node_modules/react-native/React/FBReactNativeSpec"
  GCDWebServer:
    :podspec: https://raw.githubusercontent.com/readium/GCDWebServer/3.7.5/GCDWebServer.podspec
  glog:
    :podspec: "../node_modules/react-native/third-party-podspecs/glog.podspec"
  R2Navigator:
    :podspec: https://raw.githubusercontent.com/readium/swift-toolkit/2.6.0/Support/CocoaPods/ReadiumNavigator.podspec
  R2Shared:
    :podspec: https://raw.githubusercontent.com/readium/swift-toolkit/2.6.0/Support/CocoaPods/ReadiumShared.podspec
  R2Streamer:
    :podspec: https://raw.githubusercontent.com/readium/swift-toolkit/2.6.0/Support/CocoaPods/ReadiumStreamer.podspec
  RCT-Folly:
    :podspec: "../node_modules/react-native/third-party-podspecs/RCT-Folly.podspec"
  RCTRequired:
    :path: "../node_modules/react-native/Libraries/RCTRequired"
  RCTTypeSafety:
    :path: "../node_modules/react-native/Libraries/TypeSafety"
  React:
    :path: "../node_modules/react-native/"
  React-callinvoker:
    :path: "../node_modules/react-native/ReactCommon/callinvoker"
  React-Codegen:
    :path: build/generated/ios
  React-Core:
    :path: "../node_modules/react-native/"
  React-CoreModules:
    :path: "../node_modules/react-native/React/CoreModules"
  React-cxxreact:
    :path: "../node_modules/react-native/ReactCommon/cxxreact"
  React-jsc:
    :path: "../node_modules/react-native/ReactCommon/jsc"
  React-jsi:
    :path: "../node_modules/react-native/ReactCommon/jsi"
  React-jsiexecutor:
    :path: "../node_modules/react-native/ReactCommon/jsiexecutor"
  React-jsinspector:
    :path: "../node_modules/react-native/ReactCommon/jsinspector"
  React-logger:
    :path: "../node_modules/react-native/ReactCommon/logger"
  react-native-readium:
    :path: "../.."
  react-native-safe-area-context:
    :path: "../node_modules/react-native-safe-area-context"
  react-native-slider:
    :path: "../node_modules/@react-native-community/slider"
  React-perflogger:
    :path: "../node_modules/react-native/ReactCommon/reactperflogger"
  React-RCTActionSheet:
    :path: "../node_modules/react-native/Libraries/ActionSheetIOS"
  React-RCTAnimation:
    :path: "../node_modules/react-native/Libraries/NativeAnimation"
  React-RCTAppDelegate:
    :path: "../node_modules/react-native/Libraries/AppDelegate"
  React-RCTBlob:
    :path: "../node_modules/react-native/Libraries/Blob"
  React-RCTImage:
    :path: "../node_modules/react-native/Libraries/Image"
  React-RCTLinking:
    :path: "../node_modules/react-native/Libraries/LinkingIOS"
  React-RCTNetwork:
    :path: "../node_modules/react-native/Libraries/Network"
  React-RCTSettings:
    :path: "../node_modules/react-native/Libraries/Settings"
  React-RCTText:
    :path: "../node_modules/react-native/Libraries/Text"
  React-RCTVibration:
    :path: "../node_modules/react-native/Libraries/Vibration"
  React-runtimeexecutor:
    :path: "../node_modules/react-native/ReactCommon/runtimeexecutor"
  ReactCommon:
    :path: "../node_modules/react-native/ReactCommon"
  ReadiumInternal:
    :podspec: https://raw.githubusercontent.com/readium/swift-toolkit/2.6.0/Support/CocoaPods/ReadiumInternal.podspec
  RNFS:
    :path: "../node_modules/react-native-fs"
  RNScreens:
    :path: "../node_modules/react-native-screens"
  RNVectorIcons:
    :path: "../node_modules/react-native-vector-icons"
  Yoga:
    :path: "../node_modules/react-native/ReactCommon/yoga"

CHECKOUT OPTIONS:
  R2Navigator:
    :commit: 563667848b42895acddb25c435b4e2570304cfea
    :git: https://github.com/readium/swift-toolkit.git
  R2Shared:
    :commit: 563667848b42895acddb25c435b4e2570304cfea
    :git: https://github.com/readium/swift-toolkit.git
  R2Streamer:
    :commit: 563667848b42895acddb25c435b4e2570304cfea
    :git: https://github.com/readium/swift-toolkit.git
  ReadiumInternal:
    :commit: 563667848b42895acddb25c435b4e2570304cfea
    :git: https://github.com/readium/swift-toolkit.git

SPEC CHECKSUMS:
  boost: 57d2868c099736d80fcd648bf211b4431e51a558
  CocoaAsyncSocket: 065fd1e645c7abab64f7a6a2007a48038fdc6a99
  CryptoSwift: c4f2debceb38bf44c80659afe009f71e23e4a082
  DifferenceKit: ab185c4d7f9cef8af3fcf593e5b387fb81e999ca
  DoubleConversion: 5189b271737e1565bdce30deb4a08d647e3f5f54
  FBLazyVector: ddb55c55295ea51ed98aa7e2e08add2f826309d5
  FBReactNativeSpec: 90fc1a90b4b7a171e0a7c20ea426c1bf6ce4399c
  Flipper: 26fc4b7382499f1281eb8cb921e5c3ad6de91fe0
  Flipper-Boost-iOSX: fd1e2b8cbef7e662a122412d7ac5f5bea715403c
  Flipper-DoubleConversion: 2dc99b02f658daf147069aad9dbd29d8feb06d30
  Flipper-Fmt: 60cbdd92fc254826e61d669a5d87ef7015396a9b
  Flipper-Folly: 584845625005ff068a6ebf41f857f468decd26b3
  Flipper-Glog: 70c50ce58ddaf67dc35180db05f191692570f446
  Flipper-PeerTalk: 116d8f857dc6ef55c7a5a75ea3ceaafe878aadc9
  Flipper-RSocket: d9d9ade67cbecf6ac10730304bf5607266dd2541
  FlipperKit: cbdee19bdd4e7f05472a66ce290f1b729ba3cb86
  fmt: ff9d55029c625d3757ed641535fd4a75fedc7ce9
  Fuzi: 4c10d6449c0b49a85cd75b13844c559c0fc71220
  GCDWebServer: 5e989dbe6795b9975f378cc0eeeee49ef2c51b6f
  glog: 04b94705f318337d7ead9e6d17c019bd9b1f6b1b
  libevent: 4049cae6c81cdb3654a443be001fb9bdceff7913
  Minizip: 188cb3e39a1195c283ae03bf673d182596fefd0b
  OpenSSL-Universal: ebc357f1e6bc71fa463ccb2fe676756aff50e88c
  R2Navigator: 4b53a3d10dd7282c9d9cd6d2188e68f0041840fc
  R2Shared: fa34e56aa6e67e34608bf6ef72acf2631cbc4b5e
  R2Streamer: d2501f0395c868cb65329ec46e3ab604b8b98687
  RCT-Folly: 424b8c9a7a0b9ab2886ffe9c3b041ef628fd4fb1
  RCTRequired: 8ef706f91e2b643cd32c26a57700b5f24fab0585
  RCTTypeSafety: 5fbddd8eb9242b91ac0d901c01da3673f358b1b7
  React: e5d2d559e89d256a1d6da64d51adaecda9c8ddae
  React-callinvoker: 352ecbafbdccca5fdf4aed99c98ae5b7fc28e39b
  React-Codegen: 522da503ff4f6db2b4596599875ef30b4cae4ebe
  React-Core: 4c13dd381dfcb8264e8ee1b981ed4ead79b99b63
  React-CoreModules: 63f7f9fda3d4b214040a80e3f47ab4fb9a3e88e6
  React-cxxreact: 6a455b69788c129a4f8e0c82488511cfdd9cdfc5
  React-jsc: b2dfd6271a8842d445ec85f373c49c574f5a7fcd
  React-jsi: d41d5574025585f1d71ced8aa8865c40d463a6cf
  React-jsiexecutor: 634df557a683cab436e4b3bc46512a6e519d19e8
  React-jsinspector: cdc854f8b13abd202afa54bc12578e5afb9cfae1
  React-logger: ef2269b3afa6ba868da90496c3e17a4ec4f4cee0
  react-native-readium: 7f71dab8b9c3eff510a2b7527e7a249691637215
  react-native-safe-area-context: b8979f5eda6ed5903d4dbc885be3846ea3daa753
  react-native-slider: 241935e3ea8e47599c317f512f96ee8de607d4cb
  React-perflogger: 217095464d5c4bb70df0742fa86bf2a363693468
  React-RCTActionSheet: 8deae9b85a4cbc6a2243618ea62a374880a2c614
  React-RCTAnimation: 59c62353a8b59ce206044786c5d30e4754bffa64
  React-RCTAppDelegate: 0159735c684803f36c17f43443dbe8fb1c3822c4
  React-RCTBlob: dcb026643fafac22f257d996a9390db987822f7e
  React-RCTImage: 36c0324ff499802b9874d6803ca72026e90434f6
  React-RCTLinking: 401aec3a01b18c2c8ed93bf3a6758b87e617c58d
  React-RCTNetwork: cb25b9f2737c3aa2cde0fe0bd7ff7fabf7bf9ad0
  React-RCTSettings: cb6ae9f656e1c880500c2ecbe8e72861c2262afa
  React-RCTText: 7404fd01809244d79d456f92cfe6f9fbadf69209
  React-RCTVibration: d13cc2d63286c633393d3a7f6f607cc2a09ec011
  React-runtimeexecutor: a9a1cd79996c9a0846e3232ecb25c64e1cc0172e
  ReactCommon: 86289421205f793f8b50106aabca54f0b4abb574
  ReadiumInternal: a74f61e9c0fbe2407f4e5c53aa032aa92193f3d5
  RNFS: fc610f78fdf8bfc89a9e5cc2f898519f4dba1002
  RNScreens: 218801c16a2782546d30bd2026bb625c0302d70f
  RNVectorIcons: 7923e585eaeb139b9f4531d25a125a1500162a0b
  SocketRocket: fccef3f9c5cedea1353a9ef6ada904fde10d6608
  SwiftSoup: 33e8d374021a6c332788f78fa29a93227d8a7699
  Yoga: e7ea9e590e27460d28911403b894722354d73479
  YogaKit: f782866e155069a2cca2517aafea43200b01fd5a

PODFILE CHECKSUM: 003c7f046b9d885a8d35a4491423f514e504d189

COCOAPODS: 1.12.1
